
Microsoft Visual Studio Solution File, Format Version 12.00
# Visual Studio 15
VisualStudioVersion = 15.0.28010.2046
MinimumVisualStudioVersion = 10.0.40219.1
Project("{FAE04EC0-301F-11D3-BF4B-00C04F79EFBC}") = "panel1", "panel1\panel1.csproj", "{7C93F578-D8EE-40A9-B99D-B7D718F78E1A}"
EndProject
Global
	GlobalSection(SolutionConfigurationPlatforms) = preSolution
		Debug|Any CPU = Debug|Any CPU
		Release|Any CPU = Release|Any CPU
	EndGlobalSection
	GlobalSection(ProjectConfigurationPlatforms) = postSolution
		{7C93F578-D8EE-40A9-B99D-B7D718F78E1A}.Debug|Any CPU.ActiveCfg = Debug|Any CPU
		{7C93F578-D8EE-40A9-B99D-B7D718F78E1A}.Debug|Any CPU.Build.0 = Debug|Any CPU
		{7C93F578-D8EE-40A9-B99D-B7D718F78E1A}.Release|Any CPU.ActiveCfg = Release|Any CPU
		{7C93F578-D8EE-40A9-B99D-B7D718F78E1A}.Release|Any CPU.Build.0 = Release|Any CPU
	EndGlobalSection
	GlobalSection(SolutionProperties) = preSolution
		HideSolutionNode = FALSE
	EndGlobalSection
	GlobalSection(ExtensibilityGlobals) = postSolution
		SolutionGuid = {35DB7236-C7E6-4E65-A7C1-2441A4E29D40}
	EndGlobalSection
EndGlobal
